
Microsoft Visual Studio Solution File, Format Version 12.00
Project("{FAE04EC0-301F-11D3-BF4B-00C04F79EFBC}") = "VKDialogFileMerger", "VKDialogFileMerger.csproj", "{3FCB1C68-DB05-4056-8AD3-7EC6471C4A8F}"
EndProject
Project("{FAE04EC0-301F-11D3-BF4B-00C04F79EFBC}") = "VKDialogFileMergerService", "VKDialogFileMergerService\VKDialogFileMergerService.csproj", "{99094F86-7FC5-44F3-A910-539C7A6C4711}"
EndProject
Project("{FAE04EC0-301F-11D3-BF4B-00C04F79EFBC}") = "VKDialogFileMergerForm", "VKDialogFileMergerForm\VKDialogFileMergerForm.csproj", "{75CCBF20-7678-427F-AE15-98F9221160B5}"
EndProject
Global
	GlobalSection(SolutionConfigurationPlatforms) = preSolution
		Debug|Any CPU = Debug|Any CPU
		Release|Any CPU = Release|Any CPU
	EndGlobalSection
	GlobalSection(ProjectConfigurationPlatforms) = postSolution
		{3FCB1C68-DB05-4056-8AD3-7EC6471C4A8F}.Debug|Any CPU.ActiveCfg = Debug|Any CPU
		{3FCB1C68-DB05-4056-8AD3-7EC6471C4A8F}.Debug|Any CPU.Build.0 = Debug|Any CPU
		{3FCB1C68-DB05-4056-8AD3-7EC6471C4A8F}.Release|Any CPU.ActiveCfg = Release|Any CPU
		{3FCB1C68-DB05-4056-8AD3-7EC6471C4A8F}.Release|Any CPU.Build.0 = Release|Any CPU
		{99094F86-7FC5-44F3-A910-539C7A6C4711}.Debug|Any CPU.ActiveCfg = Debug|Any CPU
		{99094F86-7FC5-44F3-A910-539C7A6C4711}.Debug|Any CPU.Build.0 = Debug|Any CPU
		{99094F86-7FC5-44F3-A910-539C7A6C4711}.Release|Any CPU.ActiveCfg = Release|Any CPU
		{99094F86-7FC5-44F3-A910-539C7A6C4711}.Release|Any CPU.Build.0 = Release|Any CPU
		{75CCBF20-7678-427F-AE15-98F9221160B5}.Debug|Any CPU.ActiveCfg = Debug|Any CPU
		{75CCBF20-7678-427F-AE15-98F9221160B5}.Debug|Any CPU.Build.0 = Debug|Any CPU
		{75CCBF20-7678-427F-AE15-98F9221160B5}.Release|Any CPU.ActiveCfg = Release|Any CPU
		{75CCBF20-7678-427F-AE15-98F9221160B5}.Release|Any CPU.Build.0 = Release|Any CPU
	EndGlobalSection
EndGlobal
